// !$*UTF8*$!
{
	archiveVersion = 1;
	classes = {
	};
	objectVersion = 46;
	objects = {

/* Begin PBXBuildFile section */
		E6328C291BEF312900899DC5 /* main.m in Sources */ = {isa = PBXBuildFile; fileRef = E6328C281BEF312900899DC5 /* main.m */; };
		E6328C2C1BEF312900899DC5 /* AppDelegate.m in Sources */ = {isa = PBXBuildFile; fileRef = E6328C2B1BEF312900899DC5 /* AppDelegate.m */; };
		E6328C2F1BEF312900899DC5 /* ViewController.m in Sources */ = {isa = PBXBuildFile; fileRef = E6328C2E1BEF312900899DC5 /* ViewController.m */; };
		E6328C321BEF312900899DC5 /* Main.storyboard in Resources */ = {isa = PBXBuildFile; fileRef = E6328C301BEF312900899DC5 /* Main.storyboard */; };
		E6328C341BEF312900899DC5 /* Assets.xcassets in Resources */ = {isa = PBXBuildFile; fileRef = E6328C331BEF312900899DC5 /* Assets.xcassets */; };
		E6328C371BEF312900899DC5 /* LaunchScreen.storyboard in Resources */ = {isa = PBXBuildFile; fileRef = E6328C351BEF312900899DC5 /* LaunchScreen.storyboard */; };
		E6328C421BEF312900899DC5 /* Link____Tests.m in Sources */ = {isa = PBXBuildFile; fileRef = E6328C411BEF312900899DC5 /* Link____Tests.m */; };
		E6328C4D1BEF312900899DC5 /* Link____UITests.m in Sources */ = {isa = PBXBuildFile; fileRef = E6328C4C1BEF312900899DC5 /* Link____UITests.m */; };
/* End PBXBuildFile section */

/* Begin PBXContainerItemProxy section */
		E6328C3E1BEF312900899DC5 /* PBXContainerItemProxy */ = {
			isa = PBXContainerItemProxy;
			containerPortal = E6328C1C1BEF312900899DC5 /* Project object */;
			proxyType = 1;
			remoteGlobalIDString = E6328C231BEF312900899DC5;
			remoteInfo = "Link(联动)";
		};
		E6328C491BEF312900899DC5 /* PBXContainerItemProxy */ = {
			isa = PBXContainerItemProxy;
			containerPortal = E6328C1C1BEF312900899DC5 /* Project object */;
			proxyType = 1;
			remoteGlobalIDString = E6328C231BEF312900899DC5;
			remoteInfo = "Link(联动)";
		};
/* End PBXContainerItemProxy section */

/* Begin PBXFileReference section */
		E6328C241BEF312900899DC5 /* Link(联动).app */ = {isa = PBXFileReference; explicitFileType = wrapper.application; includeInIndex = 0; path = "Link(联动).app"; sourceTree = BUILT_PRODUCTS_DIR; };
		E6328C281BEF312900899DC5 /* main.m */ = {isa = PBXFileReference; lastKnownFileType = sourcecode.c.objc; path = main.m; sourceTree = "<group>"; };
		E6328C2A1BEF312900899DC5 /* AppDelegate.h */ = {isa = PBXFileReference; lastKnownFileType = sourcecode.c.h; path = AppDelegate.h; sourceTree = "<group>"; };
		E6328C2B1BEF312900899DC5 /* AppDelegate.m */ = {isa = PBXFileReference; lastKnownFileType = sourcecode.c.objc; path = AppDelegate.m; sourceTree = "<group>"; };
		E6328C2D1BEF312900899DC5 /* ViewController.h */ = {isa = PBXFileReference; lastKnownFileType = sourcecode.c.h; path = ViewController.h; sourceTree = "<group>"; };
		E6328C2E1BEF312900899DC5 /* ViewController.m */ = {isa = PBXFileReference; lastKnownFileType = sourcecode.c.objc; path = ViewController.m; sourceTree = "<group>"; };
		E6328C311BEF312900899DC5 /* Base */ = {isa = PBXFileReference; lastKnownFileType = file.storyboard; name = Base; path = Base.lproj/Main.storyboard; sourceTree = "<group>"; };
		E6328C331BEF312900899DC5 /* Assets.xcassets */ = {isa = PBXFileReference; lastKnownFileType = folder.assetcatalog; path = Assets.xcassets; sourceTree = "<group>"; };
		E6328C361BEF312900899DC5 /* Base */ = {isa = PBXFileReference; lastKnownFileType = file.storyboard; name = Base; path = Base.lproj/LaunchScreen.storyboard; sourceTree = "<group>"; };
		E6328C381BEF312900899DC5 /* Info.plist */ = {isa = PBXFileReference; lastKnownFileType = text.plist.xml; path = Info.plist; sourceTree = "<group>"; };
		E6328C3D1BEF312900899DC5 /* Link(联动)Tests.xctest */ = {isa = PBXFileReference; explicitFileType = wrapper.cfbundle; includeInIndex = 0; path = "Link(联动)Tests.xctest"; sourceTree = BUILT_PRODUCTS_DIR; };
		E6328C411BEF312900899DC5 /* Link____Tests.m */ = {isa = PBXFileReference; lastKnownFileType = sourcecode.c.objc; path = "Link____Tests.m"; sourceTree = "<group>"; };
		E6328C431BEF312900899DC5 /* Info.plist */ = {isa = PBXFileReference; lastKnownFileType = text.plist.xml; path = Info.plist; sourceTree = "<group>"; };
		E6328C481BEF312900899DC5 /* Link(联动)UITests.xctest */ = {isa = PBXFileReference; explicitFileType = wrapper.cfbundle; includeInIndex = 0; path = "Link(联动)UITests.xctest"; sourceTree = BUILT_PRODUCTS_DIR; };
		E6328C4C1BEF312900899DC5 /* Link____UITests.m */ = {isa = PBXFileReference; lastKnownFileType = sourcecode.c.objc; path = "Link____UITests.m"; sourceTree = "<group>"; };
		E6328C4E1BEF312900899DC5 /* Info.plist */ = {isa = PBXFileReference; lastKnownFileType = text.plist.xml; path = Info.plist; sourceTree = "<group>"; };
/* End PBXFileReference section */

/* Begin PBXFrameworksBuildPhase section */
		E6328C211BEF312900899DC5 /* Frameworks */ = {
			isa = PBXFrameworksBuildPhase;
			buildActionMask = 2147483647;
			files = (
			);
			runOnlyForDeploymentPostprocessing = 0;
		};
		E6328C3A1BEF312900899DC5 /* Frameworks */ = {
			isa = PBXFrameworksBuildPhase;
			buildActionMask = 2147483647;
			files = (
			);
			runOnlyForDeploymentPostprocessing = 0;
		};
		E6328C451BEF312900899DC5 /* Frameworks */ = {
			isa = PBXFrameworksBuildPhase;
			buildActionMask = 2147483647;
			files = (
			);
			runOnlyForDeploymentPostprocessing = 0;
		};
/* End PBXFrameworksBuildPhase section */

/* Begin PBXGroup section */
		E6328C1B1BEF312900899DC5 = {
			isa = PBXGroup;
			children = (
				E6328C261BEF312900899DC5 /* Link(联动) */,
				E6328C401BEF312900899DC5 /* Link(联动)Tests */,
				E6328C4B1BEF312900899DC5 /* Link(联动)UITests */,
				E6328C251BEF312900899DC5 /* Products */,
			);
			sourceTree = "<group>";
		};
		E6328C251BEF312900899DC5 /* Products */ = {
			isa = PBXGroup;
			children = (
				E6328C241BEF312900899DC5 /* Link(联动).app */,
				E6328C3D1BEF312900899DC5 /* Link(联动)Tests.xctest */,
				E6328C481BEF312900899DC5 /* Link(联动)UITests.xctest */,
			);
			name = Products;
			sourceTree = "<group>";
		};
		E6328C261BEF312900899DC5 /* Link(联动) */ = {
			isa = PBXGroup;
			children = (
				E6328C2A1BEF312900899DC5 /* AppDelegate.h */,
				E6328C2B1BEF312900899DC5 /* AppDelegate.m */,
				E6328C2D1BEF312900899DC5 /* ViewController.h */,
				E6328C2E1BEF312900899DC5 /* ViewController.m */,
				E6328C301BEF312900899DC5 /* Main.storyboard */,
				E6328C331BEF312900899DC5 /* Assets.xcassets */,
				E6328C351BEF312900899DC5 /* LaunchScreen.storyboard */,
				E6328C381BEF312900899DC5 /* Info.plist */,
				E6328C271BEF312900899DC5 /* Supporting Files */,
			);
			path = "Link(联动)";
			sourceTree = "<group>";
		};
		E6328C271BEF312900899DC5 /* Supporting Files */ = {
			isa = PBXGroup;
			children = (
				E6328C281BEF312900899DC5 /* main.m */,
			);
			name = "Supporting Files";
			sourceTree = "<group>";
		};
		E6328C401BEF312900899DC5 /* Link(联动)Tests */ = {
			isa = PBXGroup;
			children = (
				E6328C411BEF312900899DC5 /* Link____Tests.m */,
				E6328C431BEF312900899DC5 /* Info.plist */,
			);
			path = "Link(联动)Tests";
			sourceTree = "<group>";
		};
		E6328C4B1BEF312900899DC5 /* Link(联动)UITests */ = {
			isa = PBXGroup;
			children = (
				E6328C4C1BEF312900899DC5 /* Link____UITests.m */,
				E6328C4E1BEF312900899DC5 /* Info.plist */,
			);
			path = "Link(联动)UITests";
			sourceTree = "<group>";
		};
/* End PBXGroup section */

/* Begin PBXNativeTarget section */
		E6328C231BEF312900899DC5 /* Link(联动) */ = {
			isa = PBXNativeTarget;
			buildConfigurationList = E6328C511BEF312900899DC5 /* Build configuration list for PBXNativeTarget "Link(联动)" */;
			buildPhases = (
				E6328C201BEF312900899DC5 /* Sources */,
				E6328C211BEF312900899DC5 /* Frameworks */,
				E6328C221BEF312900899DC5 /* Resources */,
			);
			buildRules = (
			);
			dependencies = (
			);
			name = "Link(联动)";
			productName = "Link(联动)";
			productReference = E6328C241BEF312900899DC5 /* Link(联动).app */;
			productType = "com.apple.product-type.application";
		};
		E6328C3C1BEF312900899DC5 /* Link(联动)Tests */ = {
			isa = PBXNativeTarget;
			buildConfigurationList = E6328C541BEF312900899DC5 /* Build configuration list for PBXNativeTarget "Link(联动)Tests" */;
			buildPhases = (
				E6328C391BEF312900899DC5 /* Sources */,
				E6328C3A1BEF312900899DC5 /* Frameworks */,
				E6328C3B1BEF312900899DC5 /* Resources */,
			);
			buildRules = (
			);
			dependencies = (
				E6328C3F1BEF312900899DC5 /* PBXTargetDependency */,
			);
			name = "Link(联动)Tests";
			productName = "Link(联动)Tests";
			productReference = E6328C3D1BEF312900899DC5 /* Link(联动)Tests.xctest */;
			productType = "com.apple.product-type.bundle.unit-test";
		};
		E6328C471BEF312900899DC5 /* Link(联动)UITests */ = {
			isa = PBXNativeTarget;
			buildConfigurationList = E6328C571BEF312900899DC5 /* Build configuration list for PBXNativeTarget "Link(联动)UITests" */;
			buildPhases = (
				E6328C441BEF312900899DC5 /* Sources */,
				E6328C451BEF312900899DC5 /* Frameworks */,
				E6328C461BEF312900899DC5 /* Resources */,
			);
			buildRules = (
			);
			dependencies = (
				E6328C4A1BEF312900899DC5 /* PBXTargetDependency */,
			);
			name = "Link(联动)UITests";
			productName = "Link(联动)UITests";
			productReference = E6328C481BEF312900899DC5 /* Link(联动)UITests.xctest */;
			productType = "com.apple.product-type.bundle.ui-testing";
		};
/* End PBXNativeTarget section */

/* Begin PBXProject section */
		E6328C1C1BEF312900899DC5 /* Project object */ = {
			isa = PBXProject;
			attributes = {
				LastUpgradeCheck = 0710;
				ORGANIZATIONNAME = "晨曦的Mac";
				TargetAttributes = {
					E6328C231BEF312900899DC5 = {
						CreatedOnToolsVersion = 7.1;
						DevelopmentTeam = 8JLNULP26P;
					};
					E6328C3C1BEF312900899DC5 = {
						CreatedOnToolsVersion = 7.1;
						DevelopmentTeam = 8JLNULP26P;
						TestTargetID = E6328C231BEF312900899DC5;
					};
					E6328C471BEF312900899DC5 = {
						CreatedOnToolsVersion = 7.1;
						DevelopmentTeam = 8JLNULP26P;
						TestTargetID = E6328C231BEF312900899DC5;
					};
				};
			};
			buildConfigurationList = E6328C1F1BEF312900899DC5 /* Build configuration list for PBXProject "Link(联动)" */;
			compatibilityVersion = "Xcode 3.2";
			developmentRegion = English;
			hasScannedForEncodings = 0;
			knownRegions = (
				en,
				Base,
			);
			mainGroup = E6328C1B1BEF312900899DC5;
			productRefGroup = E6328C251BEF312900899DC5 /* Products */;
			projectDirPath = "";
			projectRoot = "";
			targets = (
				E6328C231BEF312900899DC5 /* Link(联动) */,
				E6328C3C1BEF312900899DC5 /* Link(联动)Tests */,
				E6328C471BEF312900899DC5 /* Link(联动)UITests */,
			);
		};
/* End PBXProject section */

/* Begin PBXResourcesBuildPhase section */
		E6328C221BEF312900899DC5 /* Resources */ = {
			isa = PBXResourcesBuildPhase;
			buildActionMask = 2147483647;
			files = (
				E6328C371BEF312900899DC5 /* LaunchScreen.storyboard in Resources */,
				E6328C341BEF312900899DC5 /* Assets.xcassets in Resources */,
				E6328C321BEF312900899DC5 /* Main.storyboard in Resources */,
			);
			runOnlyForDeploymentPostprocessing = 0;
		};
		E6328C3B1BEF312900899DC5 /* Resources */ = {
			isa = PBXResourcesBuildPhase;
			buildActionMask = 2147483647;
			files = (
			);
			runOnlyForDeploymentPostprocessing = 0;
		};
		E6328C461BEF312900899DC5 /* Resources */ = {
			isa = PBXResourcesBuildPhase;
			buildActionMask = 2147483647;
			files = (
			);
			runOnlyForDeploymentPostprocessing = 0;
		};
/* End PBXResourcesBuildPhase section */

/* Begin PBXSourcesBuildPhase section */
		E6328C201BEF312900899DC5 /* Sources */ = {
			isa = PBXSourcesBuildPhase;
			buildActionMask = 2147483647;
			files = (
				E6328C2F1BEF312900899DC5 /* ViewController.m in Sources */,
				E6328C2C1BEF312900899DC5 /* AppDelegate.m in Sources */,
				E6328C291BEF312900899DC5 /* main.m in Sources */,
			);
			runOnlyForDeploymentPostprocessing = 0;
		};
		E6328C391BEF312900899DC5 /* Sources */ = {
			isa = PBXSourcesBuildPhase;
			buildActionMask = 2147483647;
			files = (
				E6328C421BEF312900899DC5 /* Link____Tests.m in Sources */,
			);
			runOnlyForDeploymentPostprocessing = 0;
		};
		E6328C441BEF312900899DC5 /* Sources */ = {
			isa = PBXSourcesBuildPhase;
			buildActionMask = 2147483647;
			files = (
				E6328C4D1BEF312900899DC5 /* Link____UITests.m in Sources */,
			);
			runOnlyForDeploymentPostprocessing = 0;
		};
/* End PBXSourcesBuildPhase section */

/* Begin PBXTargetDependency section */
		E6328C3F1BEF312900899DC5 /* PBXTargetDependency */ = {
			isa = PBXTargetDependency;
			target = E6328C231BEF312900899DC5 /* Link(联动) */;
			targetProxy = E6328C3E1BEF312900899DC5 /* PBXContainerItemProxy */;
		};
		E6328C4A1BEF312900899DC5 /* PBXTargetDependency */ = {
			isa = PBXTargetDependency;
			target = E6328C231BEF312900899DC5 /* Link(联动) */;
			targetProxy = E6328C491BEF312900899DC5 /* PBXContainerItemProxy */;
		};
/* End PBXTargetDependency section */

/* Begin PBXVariantGroup section */
		E6328C301BEF312900899DC5 /* Main.storyboard */ = {
			isa = PBXVariantGroup;
			children = (
				E6328C311BEF312900899DC5 /* Base */,
			);
			name = Main.storyboard;
			sourceTree = "<group>";
		};
		E6328C351BEF312900899DC5 /* LaunchScreen.storyboard */ = {
			isa = PBXVariantGroup;
			children = (
				E6328C361BEF312900899DC5 /* Base */,
			);
			name = LaunchScreen.storyboard;
			sourceTree = "<group>";
		};
/* End PBXVariantGroup section */

/* Begin XCBuildConfiguration section */
		E6328C4F1BEF312900899DC5 /* Debug */ = {
			isa = XCBuildConfiguration;
			buildSettings = {
				ALWAYS_SEARCH_USER_PATHS = NO;
				CLANG_CXX_LANGUAGE_STANDARD = "gnu++0x";
				CLANG_CXX_LIBRARY = "libc++";
				CLANG_ENABLE_MODULES = YES;
				CLANG_ENABLE_OBJC_ARC = YES;
				CLANG_WARN_BOOL_CONVERSION = YES;
				CLANG_WARN_CONSTANT_CONVERSION = YES;
				CLANG_WARN_DIRECT_OBJC_ISA_USAGE = YES_ERROR;
				CLANG_WARN_EMPTY_BODY = YES;
				CLANG_WARN_ENUM_CONVERSION = YES;
				CLANG_WARN_INT_CONVERSION = YES;
				CLANG_WARN_OBJC_ROOT_CLASS = YES_ERROR;
				CLANG_WARN_UNREACHABLE_CODE = YES;
				CLANG_WARN__DUPLICATE_METHOD_MATCH = YES;
				"CODE_SIGN_IDENTITY[sdk=iphoneos*]" = "iPhone Developer";
				COPY_PHASE_STRIP = NO;
				DEBUG_INFORMATION_FORMAT = dwarf;
				ENABLE_STRICT_OBJC_MSGSEND = YES;
				ENABLE_TESTABILITY = YES;
				GCC_C_LANGUAGE_STANDARD = gnu99;
				GCC_DYNAMIC_NO_PIC = NO;
				GCC_NO_COMMON_BLOCKS = YES;
				GCC_OPTIMIZATION_LEVEL = 0;
				GCC_PREPROCESSOR_DEFINITIONS = (
					"DEBUG=1",
					"$(inherited)",
				);
				GCC_WARN_64_TO_32_BIT_CONVERSION = YES;
				GCC_WARN_ABOUT_RETURN_TYPE = YES_ERROR;
				GCC_WARN_UNDECLARED_SELECTOR = YES;
				GCC_WARN_UNINITIALIZED_AUTOS = YES_AGGRESSIVE;
				GCC_WARN_UNUSED_FUNCTION = YES;
				GCC_WARN_UNUSED_VARIABLE = YES;
				IPHONEOS_DEPLOYMENT_TARGET = 9.1;
				MTL_ENABLE_DEBUG_INFO = YES;
				ONLY_ACTIVE_ARCH = YES;
				SDKROOT = iphoneos;
			};
			name = Debug;
		};
		E6328C501BEF312900899DC5 /* Release */ = {
			isa = XCBuildConfiguration;
			buildSettings = {
				ALWAYS_SEARCH_USER_PATHS = NO;
				CLANG_CXX_LANGUAGE_STANDARD = "gnu++0x";
				CLANG_CXX_LIBRARY = "libc++";
				CLANG_ENABLE_MODULES = YES;
				CLANG_ENABLE_OBJC_ARC = YES;
				CLANG_WARN_BOOL_CONVERSION = YES;
				CLANG_WARN_CONSTANT_CONVERSION = YES;
				CLANG_WARN_DIRECT_OBJC_ISA_USAGE = YES_ERROR;
				CLANG_WARN_EMPTY_BODY = YES;
				CLANG_WARN_ENUM_CONVERSION = YES;
				CLANG_WARN_INT_CONVERSION = YES;
				CLANG_WARN_OBJC_ROOT_CLASS = YES_ERROR;
				CLANG_WARN_UNREACHABLE_CODE = YES;
				CLANG_WARN__DUPLICATE_METHOD_MATCH = YES;
				"CODE_SIGN_IDENTITY[sdk=iphoneos*]" = "iPhone Developer";
				COPY_PHASE_STRIP = NO;
				DEBUG_INFORMATION_FORMAT = "dwarf-with-dsym";
				ENABLE_NS_ASSERTIONS = NO;
				ENABLE_STRICT_OBJC_MSGSEND = YES;
				GCC_C_LANGUAGE_STANDARD = gnu99;
				GCC_NO_COMMON_BLOCKS = YES;
				GCC_WARN_64_TO_32_BIT_CONVERSION = YES;
				GCC_WARN_ABOUT_RETURN_TYPE = YES_ERROR;
				GCC_WARN_UNDECLARED_SELECTOR = YES;
				GCC_WARN_UNINITIALIZED_AUTOS = YES_AGGRESSIVE;
				GCC_WARN_UNUSED_FUNCTION = YES;
				GCC_WARN_UNUSED_VARIABLE = YES;
				IPHONEOS_DEPLOYMENT_TARGET = 9.1;
				MTL_ENABLE_DEBUG_INFO = NO;
				SDKROOT = iphoneos;
				VALIDATE_PRODUCT = YES;
			};
			name = Release;
		};
		E6328C521BEF312900899DC5 /* Debug */ = {
			isa = XCBuildConfiguration;
			buildSettings = {
				ASSETCATALOG_COMPILER_APPICON_NAME = AppIcon;
				INFOPLIST_FILE = "Link(联动)/Info.plist";
				IPHONEOS_DEPLOYMENT_TARGET = 8.0;
				LD_RUNPATH_SEARCH_PATHS = "$(inherited) @executable_path/Frameworks";
				PRODUCT_BUNDLE_IDENTIFIER = "cn.itcast.Link----";
				PRODUCT_NAME = "$(TARGET_NAME)";
			};
			name = Debug;
		};
		E6328C531BEF312900899DC5 /* Release */ = {
			isa = XCBuildConfiguration;
			buildSettings = {
				ASSETCATALOG_COMPILER_APPICON_NAME = AppIcon;
				INFOPLIST_FILE = "Link(联动)/Info.plist";
				IPHONEOS_DEPLOYMENT_TARGET = 8.0;
				LD_RUNPATH_SEARCH_PATHS = "$(inherited) @executable_path/Frameworks";
				PRODUCT_BUNDLE_IDENTIFIER = "cn.itcast.Link----";
				PRODUCT_NAME = "$(TARGET_NAME)";
			};
			name = Release;
		};
		E6328C551BEF312900899DC5 /* Debug */ = {
			isa = XCBuildConfiguration;
			buildSettings = {
				BUNDLE_LOADER = "$(TEST_HOST)";
				INFOPLIST_FILE = "Link(联动)Tests/Info.plist";
				LD_RUNPATH_SEARCH_PATHS = "$(inherited) @executable_path/Frameworks @loader_path/Frameworks";
				PRODUCT_BUNDLE_IDENTIFIER = "cn.itcast.Link----Tests";
				PRODUCT_NAME = "$(TARGET_NAME)";
				TEST_HOST = "$(BUILT_PRODUCTS_DIR)/Link(联动).app/Link(联动)";
			};
			name = Debug;
		};
		E6328C561BEF312900899DC5 /* Release */ = {
			isa = XCBuildConfiguration;
			buildSettings = {
				BUNDLE_LOADER = "$(TEST_HOST)";
				INFOPLIST_FILE = "Link(联动)Tests/Info.plist";
				LD_RUNPATH_SEARCH_PATHS = "$(inherited) @executable_path/Frameworks @loader_path/Frameworks";
				PRODUCT_BUNDLE_IDENTIFIER = "cn.itcast.Link----Tests";
				PRODUCT_NAME = "$(TARGET_NAME)";
				TEST_HOST = "$(BUILT_PRODUCTS_DIR)/Link(联动).app/Link(联动)";
			};
			name = Release;
		};
		E6328C581BEF312900899DC5 /* Debug */ = {
			isa = XCBuildConfiguration;
			buildSettings = {
				INFOPLIST_FILE = "Link(联动)UITests/Info.plist";
				LD_RUNPATH_SEARCH_PATHS = "$(inherited) @executable_path/Frameworks @loader_path/Frameworks";
				PRODUCT_BUNDLE_IDENTIFIER = "cn.itcast.Link----UITests";
				PRODUCT_NAME = "$(TARGET_NAME)";
				TEST_TARGET_NAME = "Link(联动)";
				USES_XCTRUNNER = YES;
			};
			name = Debug;
		};
		E6328C591BEF312900899DC5 /* Release */ = {
			isa = XCBuildConfiguration;
			buildSettings = {
				INFOPLIST_FILE = "Link(联动)UITests/Info.plist";
				LD_RUNPATH_SEARCH_PATHS = "$(inherited) @executable_path/Frameworks @loader_path/Frameworks";
				PRODUCT_BUNDLE_IDENTIFIER = "cn.itcast.Link----UITests";
				PRODUCT_NAME = "$(TARGET_NAME)";
				TEST_TARGET_NAME = "Link(联动)";
				USES_XCTRUNNER = YES;
			};
			name = Release;
		};
/* End XCBuildConfiguration section */

/* Begin XCConfigurationList section */
		E6328C1F1BEF312900899DC5 /* Build configuration list for PBXProject "Link(联动)" */ = {
			isa = XCConfigurationList;
			buildConfigurations = (
				E6328C4F1BEF312900899DC5 /* Debug */,
				E6328C501BEF312900899DC5 /* Release */,
			);
			defaultConfigurationIsVisible = 0;
			defaultConfigurationName = Release;
		};
		E6328C511BEF312900899DC5 /* Build configuration list for PBXNativeTarget "Link(联动)" */ = {
			isa = XCConfigurationList;
			buildConfigurations = (
				E6328C521BEF312900899DC5 /* Debug */,
				E6328C531BEF312900899DC5 /* Release */,
			);
			defaultConfigurationIsVisible = 0;
		};
		E6328C541BEF312900899DC5 /* Build configuration list for PBXNativeTarget "Link(联动)Tests" */ = {
			isa = XCConfigurationList;
			buildConfigurations = (
				E6328C551BEF312900899DC5 /* Debug */,
				E6328C561BEF312900899DC5 /* Release */,
			);
			defaultConfigurationIsVisible = 0;
		};
		E6328C571BEF312900899DC5 /* Build configuration list for PBXNativeTarget "Link(联动)UITests" */ = {
			isa = XCConfigurationList;
			buildConfigurations = (
				E6328C581BEF312900899DC5 /* Debug */,
				E6328C591BEF312900899DC5 /* Release */,
			);
			defaultConfigurationIsVisible = 0;
		};
/* End XCConfigurationList section */
	};
	rootObject = E6328C1C1BEF312900899DC5 /* Project object */;
}
